<?xml version="1.0" encoding="utf-8"?>
<Project ToolsVersion="4.0" xmlns="http://schemas.microsoft.com/developer/msbuild/2003">
  <ItemGroup>
    <Filter Include="Source Files">
      <UniqueIdentifier>{4FC737F1-C7A5-4376-A066-2A32D752A2FF}</UniqueIdentifier>
      <Extensions>cpp;c;cc;cxx;def;odl;idl;hpj;bat;asm;asmx</Extensions>
    </Filter>
    <Filter Include="Header Files">
      <UniqueIdentifier>{93995380-89BD-4b04-88EB-625FBE52EBFB}</UniqueIdentifier>
      <Extensions>h;hh;hpp;hxx;hm;inl;inc;xsd</Extensions>
    </Filter>
    <Filter Include="Source Files\Given">
      <UniqueIdentifier>{5005e343-7389-427b-b089-eea747df70cd}</UniqueIdentifier>
    </Filter>
    <Filter Include="Source Files\TheMathGame">
      <UniqueIdentifier>{7fea94dd-e913-43cb-9b0b-8b7d862b32a0}</UniqueIdentifier>
    </Filter>
  </ItemGroup>
  <ItemGroup>
    <None Include=".gitattributes">
      <Filter>Source Files</Filter>
    </None>
    <None Include=".gitignore">
      <Filter>Source Files</Filter>
    </None>
  </ItemGroup>
  <ItemGroup>
    <ClInclude Include="Color.h">
      <Filter>Source Files\Given</Filter>
    </ClInclude>
    <ClInclude Include="config.h">
      <Filter>Source Files\Given</Filter>
    </ClInclude>
    <ClInclude Include="Direction.h">
      <Filter>Source Files\Given</Filter>
    </ClInclude>
    <ClInclude Include="GameManager.h">
      <Filter>Source Files\Given</Filter>
    </ClInclude>
    <ClInclude Include="io_utils.h">
      <Filter>Source Files\Given</Filter>
    </ClInclude>
    <ClInclude Include="ISpecificGame.h">
      <Filter>Source Files\Given</Filter>
    </ClInclude>
    <ClInclude Include="TheMathGame.h">
      <Filter>Header Files</Filter>
    </ClInclude>
    <ClInclude Include="Equation.h">
      <Filter>Header Files</Filter>
    </ClInclude>
    <ClInclude Include="DisplayObject.h">
      <Filter>Header Files</Filter>
    </ClInclude>
    <ClInclude Include="Point.h">
      <Filter>Header Files</Filter>
    </ClInclude>
    <ClInclude Include="TextField.h">
      <Filter>Header Files</Filter>
    </ClInclude>
    <ClInclude Include="Stage.h">
      <Filter>Header Files</Filter>
    </ClInclude>
    <ClInclude Include="Hud.h">
      <Filter>Header Files</Filter>
    </ClInclude>
    <ClInclude Include="LivesMeter.h">
      <Filter>Header Files</Filter>
    </ClInclude>
    <ClInclude Include="Actor.h">
      <Filter>Header Files</Filter>
    </ClInclude>
    <ClInclude Include="Player.h">
      <Filter>Header Files</Filter>
    </ClInclude>
    <ClInclude Include="NumbersList.h">
      <Filter>Header Files</Filter>
    </ClInclude>
    <ClInclude Include="Number.h">
      <Filter>Header Files</Filter>
    </ClInclude>
  </ItemGroup>
  <ItemGroup>
    <ClCompile Include="GameManager.cpp">
      <Filter>Source Files\Given</Filter>
    </ClCompile>
    <ClCompile Include="io_utils.cpp">
      <Filter>Source Files\Given</Filter>
    </ClCompile>
    <ClCompile Include="Equation.cpp">
      <Filter>Source Files\TheMathGame</Filter>
    </ClCompile>
    <ClCompile Include="TheMathGame.cpp">
      <Filter>Source Files\TheMathGame</Filter>
    </ClCompile>
    <ClCompile Include="DisplayObject.cpp">
      <Filter>Source Files\TheMathGame</Filter>
    </ClCompile>
    <ClCompile Include="Point.cpp">
      <Filter>Source Files\TheMathGame</Filter>
    </ClCompile>
    <ClCompile Include="Stage.cpp">
      <Filter>Source Files\TheMathGame</Filter>
    </ClCompile>
    <ClCompile Include="Hud.cpp">
      <Filter>Source Files\TheMathGame</Filter>
    </ClCompile>
    <ClCompile Include="LivesMeter.cpp">
      <Filter>Source Files\TheMathGame</Filter>
    </ClCompile>
    <ClCompile Include="Textfield.cpp">
      <Filter>Source Files\TheMathGame</Filter>
    </ClCompile>
    <ClCompile Include="main.cpp">
      <Filter>Source Files</Filter>
    </ClCompile>
    <ClCompile Include="Actor.cpp">
      <Filter>Source Files\TheMathGame</Filter>
    </ClCompile>
    <ClCompile Include="Player.cpp">
      <Filter>Source Files\TheMathGame</Filter>
    </ClCompile>
    <ClCompile Include="NumbersList.cpp">
      <Filter>Source Files\TheMathGame</Filter>
    </ClCompile>
    <ClCompile Include="Number.cpp">
      <Filter>Source Files\TheMathGame</Filter>
    </ClCompile>
  </ItemGroup>
</Project>